// !$*UTF8*$!
{
	archiveVersion = 1;
	classes = {
	};
	objectVersion = 50;
	objects = {

/* Begin PBXBuildFile section */
		CF39DA0925348B3C00999F43 /* AppDelegate.swift in Sources */ = {isa = PBXBuildFile; fileRef = CF39DA0825348B3C00999F43 /* AppDelegate.swift */; };
		CF39DA0B25348B3C00999F43 /* SceneDelegate.swift in Sources */ = {isa = PBXBuildFile; fileRef = CF39DA0A25348B3C00999F43 /* SceneDelegate.swift */; };
		CF39DA0D25348B3C00999F43 /* ViewController.swift in Sources */ = {isa = PBXBuildFile; fileRef = CF39DA0C25348B3C00999F43 /* ViewController.swift */; };
		CF39DA1025348B3C00999F43 /* Main.storyboard in Resources */ = {isa = PBXBuildFile; fileRef = CF39DA0E25348B3C00999F43 /* Main.storyboard */; };
		CF39DA1225348B4000999F43 /* Assets.xcassets in Resources */ = {isa = PBXBuildFile; fileRef = CF39DA1125348B4000999F43 /* Assets.xcassets */; };
		CF39DA1525348B4000999F43 /* LaunchScreen.storyboard in Resources */ = {isa = PBXBuildFile; fileRef = CF39DA1325348B4000999F43 /* LaunchScreen.storyboard */; };
/* End PBXBuildFile section */

/* Begin PBXFileReference section */
		CF39DA0525348B3C00999F43 /* NeswAroundtheGlobe.app */ = {isa = PBXFileReference; explicitFileType = wrapper.application; includeInIndex = 0; path = NeswAroundtheGlobe.app; sourceTree = BUILT_PRODUCTS_DIR; };
		CF39DA0825348B3C00999F43 /* AppDelegate.swift */ = {isa = PBXFileReference; lastKnownFileType = sourcecode.swift; path = AppDelegate.swift; sourceTree = "<group>"; };
		CF39DA0A25348B3C00999F43 /* SceneDelegate.swift */ = {isa = PBXFileReference; lastKnownFileType = sourcecode.swift; path = SceneDelegate.swift; sourceTree = "<group>"; };
		CF39DA0C25348B3C00999F43 /* ViewController.swift */ = {isa = PBXFileReference; lastKnownFileType = sourcecode.swift; path = ViewController.swift; sourceTree = "<group>"; };
		CF39DA0F25348B3C00999F43 /* Base */ = {isa = PBXFileReference; lastKnownFileType = file.storyboard; name = Base; path = Base.lproj/Main.storyboard; sourceTree = "<group>"; };
		CF39DA1125348B4000999F43 /* Assets.xcassets */ = {isa = PBXFileReference; lastKnownFileType = folder.assetcatalog; path = Assets.xcassets; sourceTree = "<group>"; };
		CF39DA1425348B4000999F43 /* Base */ = {isa = PBXFileReference; lastKnownFileType = file.storyboard; name = Base; path = Base.lproj/LaunchScreen.storyboard; sourceTree = "<group>"; };
		CF39DA1625348B4000999F43 /* Info.plist */ = {isa = PBXFileReference; lastKnownFileType = text.plist.xml; path = Info.plist; sourceTree = "<group>"; };
/* End PBXFileReference section */

/* Begin PBXFrameworksBuildPhase section */
		CF39DA0225348B3C00999F43 /* Frameworks */ = {
			isa = PBXFrameworksBuildPhase;
			buildActionMask = 2147483647;
			files = (
			);
			runOnlyForDeploymentPostprocessing = 0;
		};
/* End PBXFrameworksBuildPhase section */

/* Begin PBXGroup section */
		CF39D9FC25348B3B00999F43 = {
			isa = PBXGroup;
			children = (
				CF39DA0725348B3C00999F43 /* NeswAroundtheGlobe */,
				CF39DA0625348B3C00999F43 /* Products */,
			);
			sourceTree = "<group>";
		};
		CF39DA0625348B3C00999F43 /* Products */ = {
			isa = PBXGroup;
			children = (
				CF39DA0525348B3C00999F43 /* NeswAroundtheGlobe.app */,
			);
			name = Products;
			sourceTree = "<group>";
		};
		CF39DA0725348B3C00999F43 /* NeswAroundtheGlobe */ = {
			isa = PBXGroup;
			children = (
				CF39DA0825348B3C00999F43 /* AppDelegate.swift */,
				CF39DA0A25348B3C00999F43 /* SceneDelegate.swift */,
				CF39DA0C25348B3C00999F43 /* ViewController.swift */,
				CF39DA0E25348B3C00999F43 /* Main.storyboard */,
				CF39DA1125348B4000999F43 /* Assets.xcassets */,
				CF39DA1325348B4000999F43 /* LaunchScreen.storyboard */,
				CF39DA1625348B4000999F43 /* Info.plist */,
			);
			path = NeswAroundtheGlobe;
			sourceTree = "<group>";
		};
/* End PBXGroup section */

/* Begin PBXNativeTarget section */
		CF39DA0425348B3C00999F43 /* NeswAroundtheGlobe */ = {
			isa = PBXNativeTarget;
			buildConfigurationList = CF39DA1925348B4000999F43 /* Build configuration list for PBXNativeTarget "NeswAroundtheGlobe" */;
			buildPhases = (
				CF39DA0125348B3C00999F43 /* Sources */,
				CF39DA0225348B3C00999F43 /* Frameworks */,
				CF39DA0325348B3C00999F43 /* Resources */,
			);
			buildRules = (
			);
			dependencies = (
			);
			name = NeswAroundtheGlobe;
			productName = NeswAroundtheGlobe;
			productReference = CF39DA0525348B3C00999F43 /* NeswAroundtheGlobe.app */;
			productType = "com.apple.product-type.application";
		};
/* End PBXNativeTarget section */

/* Begin PBXProject section */
		CF39D9FD25348B3B00999F43 /* Project object */ = {
			isa = PBXProject;
			attributes = {
				LastSwiftUpdateCheck = 1150;
				LastUpgradeCheck = 1150;
				ORGANIZATIONNAME = "Valeriia Zakharova";
				TargetAttributes = {
					CF39DA0425348B3C00999F43 = {
						CreatedOnToolsVersion = 11.5;
					};
				};
			};
			buildConfigurationList = CF39DA0025348B3B00999F43 /* Build configuration list for PBXProject "NeswAroundtheGlobe" */;
			compatibilityVersion = "Xcode 9.3";
			developmentRegion = en;
			hasScannedForEncodings = 0;
			knownRegions = (
				en,
				Base,
			);
			mainGroup = CF39D9FC25348B3B00999F43;
			productRefGroup = CF39DA0625348B3C00999F43 /* Products */;
			projectDirPath = "";
			projectRoot = "";
			targets = (
				CF39DA0425348B3C00999F43 /* NeswAroundtheGlobe */,
			);
		};
/* End PBXProject section */

/* Begin PBXResourcesBuildPhase section */
		CF39DA0325348B3C00999F43 /* Resources */ = {
			isa = PBXResourcesBuildPhase;
			buildActionMask = 2147483647;
			files = (
				CF39DA1525348B4000999F43 /* LaunchScreen.storyboard in Resources */,
				CF39DA1225348B4000999F43 /* Assets.xcassets in Resources */,
				CF39DA1025348B3C00999F43 /* Main.storyboard in Resources */,
			);
			runOnlyForDeploymentPostprocessing = 0;
		};
/* End PBXResourcesBuildPhase section */

/* Begin PBXSourcesBuildPhase section */
		CF39DA0125348B3C00999F43 /* Sources */ = {
			isa = PBXSourcesBuildPhase;
			buildActionMask = 2147483647;
			files = (
				CF39DA0D25348B3C00999F43 /* ViewController.swift in Sources */,
				CF39DA0925348B3C00999F43 /* AppDelegate.swift in Sources */,
				CF39DA0B25348B3C00999F43 /* SceneDelegate.swift in Sources */,
			);
			runOnlyForDeploymentPostprocessing = 0;
		};
/* End PBXSourcesBuildPhase section */

/* Begin PBXVariantGroup section */
		CF39DA0E25348B3C00999F43 /* Main.storyboard */ = {
			isa = PBXVariantGroup;
			children = (
				CF39DA0F25348B3C00999F43 /* Base */,
			);
			name = Main.storyboard;
			sourceTree = "<group>";
		};
		CF39DA1325348B4000999F43 /* LaunchScreen.storyboard */ = {
			isa = PBXVariantGroup;
			children = (
				CF39DA1425348B4000999F43 /* Base */,
			);
			name = LaunchScreen.storyboard;
			sourceTree = "<group>";
		};
/* End PBXVariantGroup section */

/* Begin XCBuildConfiguration section */
		CF39DA1725348B4000999F43 /* Debug */ = {
			isa = XCBuildConfiguration;
			buildSettings = {
				ALWAYS_SEARCH_USER_PATHS = NO;
				CLANG_ANALYZER_NONNULL = YES;
				CLANG_ANALYZER_NUMBER_OBJECT_CONVERSION = YES_AGGRESSIVE;
				CLANG_CXX_LANGUAGE_STANDARD = "gnu++14";
				CLANG_CXX_LIBRARY = "libc++";
				CLANG_ENABLE_MODULES = YES;
				CLANG_ENABLE_OBJC_ARC = YES;
				CLANG_ENABLE_OBJC_WEAK = YES;
				CLANG_WARN_BLOCK_CAPTURE_AUTORELEASING = YES;
				CLANG_WARN_BOOL_CONVERSION = YES;
				CLANG_WARN_COMMA = YES;
				CLANG_WARN_CONSTANT_CONVERSION = YES;
				CLANG_WARN_DEPRECATED_OBJC_IMPLEMENTATIONS = YES;
				CLANG_WARN_DIRECT_OBJC_ISA_USAGE = YES_ERROR;
				CLANG_WARN_DOCUMENTATION_COMMENTS = YES;
				CLANG_WARN_EMPTY_BODY = YES;
				CLANG_WARN_ENUM_CONVERSION = YES;
				CLANG_WARN_INFINITE_RECURSION = YES;
				CLANG_WARN_INT_CONVERSION = YES;
				CLANG_WARN_NON_LITERAL_NULL_CONVERSION = YES;
				CLANG_WARN_OBJC_IMPLICIT_RETAIN_SELF = YES;
				CLANG_WARN_OBJC_LITERAL_CONVERSION = YES;
				CLANG_WARN_OBJC_ROOT_CLASS = YES_ERROR;
				CLANG_WARN_RANGE_LOOP_ANALYSIS = YES;
				CLANG_WARN_STRICT_PROTOTYPES = YES;
				CLANG_WARN_SUSPICIOUS_MOVE = YES;
				CLANG_WARN_UNGUARDED_AVAILABILITY = YES_AGGRESSIVE;
				CLANG_WARN_UNREACHABLE_CODE = YES;
				CLANG_WARN__DUPLICATE_METHOD_MATCH = YES;
				COPY_PHASE_STRIP = NO;
				DEBUG_INFORMATION_FORMAT = dwarf;
				ENABLE_STRICT_OBJC_MSGSEND = YES;
				ENABLE_TESTABILITY = YES;
				GCC_C_LANGUAGE_STANDARD = gnu11;
				GCC_DYNAMIC_NO_PIC = NO;
				GCC_NO_COMMON_BLOCKS = YES;
				GCC_OPTIMIZATION_LEVEL = 0;
				GCC_PREPROCESSOR_DEFINITIONS = (
					"DEBUG=1",
					"$(inherited)",
				);
				GCC_WARN_64_TO_32_BIT_CONVERSION = YES;
				GCC_WARN_ABOUT_RETURN_TYPE = YES_ERROR;
				GCC_WARN_UNDECLARED_SELECTOR = YES;
				GCC_WARN_UNINITIALIZED_AUTOS = YES_AGGRESSIVE;
				GCC_WARN_UNUSED_FUNCTION = YES;
				GCC_WARN_UNUSED_VARIABLE = YES;
				IPHONEOS_DEPLOYMENT_TARGET = 13.5;
				MTL_ENABLE_DEBUG_INFO = INCLUDE_SOURCE;
				MTL_FAST_MATH = YES;
				ONLY_ACTIVE_ARCH = YES;
				SDKROOT = iphoneos;
				SWIFT_ACTIVE_COMPILATION_CONDITIONS = DEBUG;
				SWIFT_OPTIMIZATION_LEVEL = "-Onone";
			};
			name = Debug;
		};
		CF39DA1825348B4000999F43 /* Release */ = {
			isa = XCBuildConfiguration;
			buildSettings = {
				ALWAYS_SEARCH_USER_PATHS = NO;
				CLANG_ANALYZER_NONNULL = YES;
				CLANG_ANALYZER_NUMBER_OBJECT_CONVERSION = YES_AGGRESSIVE;
				CLANG_CXX_LANGUAGE_STANDARD = "gnu++14";
				CLANG_CXX_LIBRARY = "libc++";
				CLANG_ENABLE_MODULES = YES;
				CLANG_ENABLE_OBJC_ARC = YES;
				CLANG_ENABLE_OBJC_WEAK = YES;
				CLANG_WARN_BLOCK_CAPTURE_AUTORELEASING = YES;
				CLANG_WARN_BOOL_CONVERSION = YES;
				CLANG_WARN_COMMA = YES;
				CLANG_WARN_CONSTANT_CONVERSION = YES;
				CLANG_WARN_DEPRECATED_OBJC_IMPLEMENTATIONS = YES;
				CLANG_WARN_DIRECT_OBJC_ISA_USAGE = YES_ERROR;
				CLANG_WARN_DOCUMENTATION_COMMENTS = YES;
				CLANG_WARN_EMPTY_BODY = YES;
				CLANG_WARN_ENUM_CONVERSION = YES;
				CLANG_WARN_INFINITE_RECURSION = YES;
				CLANG_WARN_INT_CONVERSION = YES;
				CLANG_WARN_NON_LITERAL_NULL_CONVERSION = YES;
				CLANG_WARN_OBJC_IMPLICIT_RETAIN_SELF = YES;
				CLANG_WARN_OBJC_LITERAL_CONVERSION = YES;
				CLANG_WARN_OBJC_ROOT_CLASS = YES_ERROR;
				CLANG_WARN_RANGE_LOOP_ANALYSIS = YES;
				CLANG_WARN_STRICT_PROTOTYPES = YES;
				CLANG_WARN_SUSPICIOUS_MOVE = YES;
				CLANG_WARN_UNGUARDED_AVAILABILITY = YES_AGGRESSIVE;
				CLANG_WARN_UNREACHABLE_CODE = YES;
				CLANG_WARN__DUPLICATE_METHOD_MATCH = YES;
				COPY_PHASE_STRIP = NO;
				DEBUG_INFORMATION_FORMAT = "dwarf-with-dsym";
				ENABLE_NS_ASSERTIONS = NO;
				ENABLE_STRICT_OBJC_MSGSEND = YES;
				GCC_C_LANGUAGE_STANDARD = gnu11;
				GCC_NO_COMMON_BLOCKS = YES;
				GCC_WARN_64_TO_32_BIT_CONVERSION = YES;
				GCC_WARN_ABOUT_RETURN_TYPE = YES_ERROR;
				GCC_WARN_UNDECLARED_SELECTOR = YES;
				GCC_WARN_UNINITIALIZED_AUTOS = YES_AGGRESSIVE;
				GCC_WARN_UNUSED_FUNCTION = YES;
				GCC_WARN_UNUSED_VARIABLE = YES;
				IPHONEOS_DEPLOYMENT_TARGET = 13.5;
				MTL_ENABLE_DEBUG_INFO = NO;
				MTL_FAST_MATH = YES;
				SDKROOT = iphoneos;
				SWIFT_COMPILATION_MODE = wholemodule;
				SWIFT_OPTIMIZATION_LEVEL = "-O";
				VALIDATE_PRODUCT = YES;
			};
			name = Release;
		};
		CF39DA1A25348B4000999F43 /* Debug */ = {
			isa = XCBuildConfiguration;
			buildSettings = {
				ASSETCATALOG_COMPILER_APPICON_NAME = AppIcon;
				CODE_SIGN_STYLE = Automatic;
				DEVELOPMENT_TEAM = 36HNVXMM9F;
				INFOPLIST_FILE = NeswAroundtheGlobe/Info.plist;
				LD_RUNPATH_SEARCH_PATHS = (
					"$(inherited)",
					"@executable_path/Frameworks",
				);
				PRODUCT_BUNDLE_IDENTIFIER = ValeriiaZakharova.NeswAroundtheGlobe;
				PRODUCT_NAME = "$(TARGET_NAME)";
				SWIFT_VERSION = 5.0;
				TARGETED_DEVICE_FAMILY = "1,2";
			};
			name = Debug;
		};
		CF39DA1B25348B4000999F43 /* Release */ = {
			isa = XCBuildConfiguration;
			buildSettings = {
				ASSETCATALOG_COMPILER_APPICON_NAME = AppIcon;
				CODE_SIGN_STYLE = Automatic;
				DEVELOPMENT_TEAM = 36HNVXMM9F;
				INFOPLIST_FILE = NeswAroundtheGlobe/Info.plist;
				LD_RUNPATH_SEARCH_PATHS = (
					"$(inherited)",
					"@executable_path/Frameworks",
				);
				PRODUCT_BUNDLE_IDENTIFIER = ValeriiaZakharova.NeswAroundtheGlobe;
				PRODUCT_NAME = "$(TARGET_NAME)";
				SWIFT_VERSION = 5.0;
				TARGETED_DEVICE_FAMILY = "1,2";
			};
			name = Release;
		};
/* End XCBuildConfiguration section */

/* Begin XCConfigurationList section */
		CF39DA0025348B3B00999F43 /* Build configuration list for PBXProject "NeswAroundtheGlobe" */ = {
			isa = XCConfigurationList;
			buildConfigurations = (
				CF39DA1725348B4000999F43 /* Debug */,
				CF39DA1825348B4000999F43 /* Release */,
			);
			defaultConfigurationIsVisible = 0;
			defaultConfigurationName = Release;
		};
		CF39DA1925348B4000999F43 /* Build configuration list for PBXNativeTarget "NeswAroundtheGlobe" */ = {
			isa = XCConfigurationList;
			buildConfigurations = (
				CF39DA1A25348B4000999F43 /* Debug */,
				CF39DA1B25348B4000999F43 /* Release */,
			);
			defaultConfigurationIsVisible = 0;
			defaultConfigurationName = Release;
		};
/* End XCConfigurationList section */
	};
	rootObject = CF39D9FD25348B3B00999F43 /* Project object */;
}
